
Microsoft Visual Studio Solution File, Format Version 12.00
# Visual Studio Version 17
VisualStudioVersion = 17.14.36908.2 d17.14
MinimumVisualStudioVersion = 10.0.40219.1
Project("{FAE04EC0-301F-11D3-BF4B-00C04F79EFBC}") = "0115-TRPG", "0115-TRPG\0115-TRPG.csproj", "{B727EB2D-EF62-4112-ADEA-E561A78A6AB9}"
EndProject
Global
	GlobalSection(SolutionConfigurationPlatforms) = preSolution
		Debug|Any CPU = Debug|Any CPU
		Release|Any CPU = Release|Any CPU
	EndGlobalSection
	GlobalSection(ProjectConfigurationPlatforms) = postSolution
		{B727EB2D-EF62-4112-ADEA-E561A78A6AB9}.Debug|Any CPU.ActiveCfg = Debug|Any CPU
		{B727EB2D-EF62-4112-ADEA-E561A78A6AB9}.Debug|Any CPU.Build.0 = Debug|Any CPU
		{B727EB2D-EF62-4112-ADEA-E561A78A6AB9}.Release|Any CPU.ActiveCfg = Release|Any CPU
		{B727EB2D-EF62-4112-ADEA-E561A78A6AB9}.Release|Any CPU.Build.0 = Release|Any CPU
	EndGlobalSection
	GlobalSection(SolutionProperties) = preSolution
		HideSolutionNode = FALSE
	EndGlobalSection
	GlobalSection(ExtensibilityGlobals) = postSolution
		SolutionGuid = {59EBD714-5BBA-4E7F-A4D6-6189DF1B1C8F}
	EndGlobalSection
EndGlobal
