
Microsoft Visual Studio Solution File, Format Version 12.00
# Visual Studio Version 17
VisualStudioVersion = 17.14.36908.2 d17.14
MinimumVisualStudioVersion = 10.0.40219.1
Project("{FAE04EC0-301F-11D3-BF4B-00C04F79EFBC}") = "ShootingGame", "ShootingGame\ShootingGame.csproj", "{BE417CEF-D8BB-48B5-94DC-A6C3AE922236}"
EndProject
Global
	GlobalSection(SolutionConfigurationPlatforms) = preSolution
		Debug|Any CPU = Debug|Any CPU
		Release|Any CPU = Release|Any CPU
	EndGlobalSection
	GlobalSection(ProjectConfigurationPlatforms) = postSolution
		{BE417CEF-D8BB-48B5-94DC-A6C3AE922236}.Debug|Any CPU.ActiveCfg = Debug|Any CPU
		{BE417CEF-D8BB-48B5-94DC-A6C3AE922236}.Debug|Any CPU.Build.0 = Debug|Any CPU
		{BE417CEF-D8BB-48B5-94DC-A6C3AE922236}.Release|Any CPU.ActiveCfg = Release|Any CPU
		{BE417CEF-D8BB-48B5-94DC-A6C3AE922236}.Release|Any CPU.Build.0 = Release|Any CPU
	EndGlobalSection
	GlobalSection(SolutionProperties) = preSolution
		HideSolutionNode = FALSE
	EndGlobalSection
	GlobalSection(ExtensibilityGlobals) = postSolution
		SolutionGuid = {EA8F0B08-F133-431C-8697-487C75B1CB24}
	EndGlobalSection
EndGlobal
