
Microsoft Visual Studio Solution File, Format Version 12.00
# Visual Studio Version 17
VisualStudioVersion = 17.14.36811.4 d17.14
MinimumVisualStudioVersion = 10.0.40219.1
Project("{FAE04EC0-301F-11D3-BF4B-00C04F79EFBC}") = "Date_1231", "Date_1231\Date_1231.csproj", "{B9542554-3A3D-4CCE-A77C-39E7BA7B9DDD}"
EndProject
Global
	GlobalSection(SolutionConfigurationPlatforms) = preSolution
		Debug|Any CPU = Debug|Any CPU
		Release|Any CPU = Release|Any CPU
	EndGlobalSection
	GlobalSection(ProjectConfigurationPlatforms) = postSolution
		{B9542554-3A3D-4CCE-A77C-39E7BA7B9DDD}.Debug|Any CPU.ActiveCfg = Debug|Any CPU
		{B9542554-3A3D-4CCE-A77C-39E7BA7B9DDD}.Debug|Any CPU.Build.0 = Debug|Any CPU
		{B9542554-3A3D-4CCE-A77C-39E7BA7B9DDD}.Release|Any CPU.ActiveCfg = Release|Any CPU
		{B9542554-3A3D-4CCE-A77C-39E7BA7B9DDD}.Release|Any CPU.Build.0 = Release|Any CPU
	EndGlobalSection
	GlobalSection(SolutionProperties) = preSolution
		HideSolutionNode = FALSE
	EndGlobalSection
	GlobalSection(ExtensibilityGlobals) = postSolution
		SolutionGuid = {F3B27C32-1D0E-4B5C-933C-C03C3CCB4429}
	EndGlobalSection
EndGlobal
