
Microsoft Visual Studio Solution File, Format Version 12.00
# Visual Studio Version 17
VisualStudioVersion = 17.14.36811.4 d17.14
MinimumVisualStudioVersion = 10.0.40219.1
Project("{FAE04EC0-301F-11D3-BF4B-00C04F79EFBC}") = "0114", "0114\0114.csproj", "{B0388BE7-5E14-42DA-AB7C-32A92A1E5086}"
EndProject
Global
	GlobalSection(SolutionConfigurationPlatforms) = preSolution
		Debug|Any CPU = Debug|Any CPU
		Release|Any CPU = Release|Any CPU
	EndGlobalSection
	GlobalSection(ProjectConfigurationPlatforms) = postSolution
		{B0388BE7-5E14-42DA-AB7C-32A92A1E5086}.Debug|Any CPU.ActiveCfg = Debug|Any CPU
		{B0388BE7-5E14-42DA-AB7C-32A92A1E5086}.Debug|Any CPU.Build.0 = Debug|Any CPU
		{B0388BE7-5E14-42DA-AB7C-32A92A1E5086}.Release|Any CPU.ActiveCfg = Release|Any CPU
		{B0388BE7-5E14-42DA-AB7C-32A92A1E5086}.Release|Any CPU.Build.0 = Release|Any CPU
	EndGlobalSection
	GlobalSection(SolutionProperties) = preSolution
		HideSolutionNode = FALSE
	EndGlobalSection
	GlobalSection(ExtensibilityGlobals) = postSolution
		SolutionGuid = {7D7D3523-C7AC-4F1B-B7B8-ABB3F388484B}
	EndGlobalSection
EndGlobal
