
Microsoft Visual Studio Solution File, Format Version 12.00
# Visual Studio Version 17
VisualStudioVersion = 17.14.36811.4 d17.14
MinimumVisualStudioVersion = 10.0.40219.1
Project("{FAE04EC0-301F-11D3-BF4B-00C04F79EFBC}") = "0113", "0113\0113.csproj", "{063B743C-F2D5-4A50-8C1F-DAF17CD3382D}"
EndProject
Global
	GlobalSection(SolutionConfigurationPlatforms) = preSolution
		Debug|Any CPU = Debug|Any CPU
		Release|Any CPU = Release|Any CPU
	EndGlobalSection
	GlobalSection(ProjectConfigurationPlatforms) = postSolution
		{063B743C-F2D5-4A50-8C1F-DAF17CD3382D}.Debug|Any CPU.ActiveCfg = Debug|Any CPU
		{063B743C-F2D5-4A50-8C1F-DAF17CD3382D}.Debug|Any CPU.Build.0 = Debug|Any CPU
		{063B743C-F2D5-4A50-8C1F-DAF17CD3382D}.Release|Any CPU.ActiveCfg = Release|Any CPU
		{063B743C-F2D5-4A50-8C1F-DAF17CD3382D}.Release|Any CPU.Build.0 = Release|Any CPU
	EndGlobalSection
	GlobalSection(SolutionProperties) = preSolution
		HideSolutionNode = FALSE
	EndGlobalSection
	GlobalSection(ExtensibilityGlobals) = postSolution
		SolutionGuid = {B783B5D4-7400-4CD2-89DE-BB3C22C310E5}
	EndGlobalSection
EndGlobal
