
Microsoft Visual Studio Solution File, Format Version 12.00
# Visual Studio Version 17
VisualStudioVersion = 17.14.36811.4 d17.14
MinimumVisualStudioVersion = 10.0.40219.1
Project("{FAE04EC0-301F-11D3-BF4B-00C04F79EFBC}") = "0112", "0112\0112.csproj", "{364D536A-F331-461B-A18A-A8F09D779265}"
EndProject
Global
	GlobalSection(SolutionConfigurationPlatforms) = preSolution
		Debug|Any CPU = Debug|Any CPU
		Release|Any CPU = Release|Any CPU
	EndGlobalSection
	GlobalSection(ProjectConfigurationPlatforms) = postSolution
		{364D536A-F331-461B-A18A-A8F09D779265}.Debug|Any CPU.ActiveCfg = Debug|Any CPU
		{364D536A-F331-461B-A18A-A8F09D779265}.Debug|Any CPU.Build.0 = Debug|Any CPU
		{364D536A-F331-461B-A18A-A8F09D779265}.Release|Any CPU.ActiveCfg = Release|Any CPU
		{364D536A-F331-461B-A18A-A8F09D779265}.Release|Any CPU.Build.0 = Release|Any CPU
	EndGlobalSection
	GlobalSection(SolutionProperties) = preSolution
		HideSolutionNode = FALSE
	EndGlobalSection
	GlobalSection(ExtensibilityGlobals) = postSolution
		SolutionGuid = {DF16A6A9-C7A1-4E9B-8F7C-8D79566A4401}
	EndGlobalSection
EndGlobal
